
Microsoft Visual Studio Solution File, Format Version 12.00
# Visual Studio Version 16
VisualStudioVersion = 16.0.30611.23
MinimumVisualStudioVersion = 10.0.40219.1
Project("{FAE04EC0-301F-11D3-BF4B-00C04F79EFBC}") = "HashTable", "HashTable.csproj", "{BE97BDD2-ED33-44A9-AFED-AE22D11ABEAC}"
EndProject
Global
	GlobalSection(SolutionConfigurationPlatforms) = preSolution
		Debug|Any CPU = Debug|Any CPU
		Release|Any CPU = Release|Any CPU
	EndGlobalSection
	GlobalSection(ProjectConfigurationPlatforms) = postSolution
		{BE97BDD2-ED33-44A9-AFED-AE22D11ABEAC}.Debug|Any CPU.ActiveCfg = Debug|Any CPU
		{BE97BDD2-ED33-44A9-AFED-AE22D11ABEAC}.Debug|Any CPU.Build.0 = Debug|Any CPU
		{BE97BDD2-ED33-44A9-AFED-AE22D11ABEAC}.Release|Any CPU.ActiveCfg = Release|Any CPU
		{BE97BDD2-ED33-44A9-AFED-AE22D11ABEAC}.Release|Any CPU.Build.0 = Release|Any CPU
	EndGlobalSection
	GlobalSection(SolutionProperties) = preSolution
		HideSolutionNode = FALSE
	EndGlobalSection
	GlobalSection(ExtensibilityGlobals) = postSolution
		SolutionGuid = {F5E5CEA9-8C17-4A7A-8181-9311C63EC880}
	EndGlobalSection
EndGlobal
